// !$*UTF8*$!
{
	archiveVersion = 1;
	classes = {
	};
	objectVersion = 55;
	objects = {

/* Begin PBXBuildFile section */
		947C2DF82862861D0047FC30 /* main.swift in Sources */ = {isa = PBXBuildFile; fileRef = 947C2DF72862861D0047FC30 /* main.swift */; };
		947C2E00286286A70047FC30 /* Invitation.swift in Sources */ = {isa = PBXBuildFile; fileRef = 947C2DFF286286A70047FC30 /* Invitation.swift */; };
		947C2E02286286EC0047FC30 /* Ticket.swift in Sources */ = {isa = PBXBuildFile; fileRef = 947C2E01286286EC0047FC30 /* Ticket.swift */; };
		947C2E042862873C0047FC30 /* Bag.swift in Sources */ = {isa = PBXBuildFile; fileRef = 947C2E032862873C0047FC30 /* Bag.swift */; };
		947C2E06286288710047FC30 /* Audience.swift in Sources */ = {isa = PBXBuildFile; fileRef = 947C2E05286288710047FC30 /* Audience.swift */; };
		947C2E08286288C40047FC30 /* TicketOffice.swift in Sources */ = {isa = PBXBuildFile; fileRef = 947C2E07286288C40047FC30 /* TicketOffice.swift */; };
		947C2E0A286289320047FC30 /* TicketSeller.swift in Sources */ = {isa = PBXBuildFile; fileRef = 947C2E09286289320047FC30 /* TicketSeller.swift */; };
		947C2E0C286289940047FC30 /* Theather.swift in Sources */ = {isa = PBXBuildFile; fileRef = 947C2E0B286289940047FC30 /* Theather.swift */; };
/* End PBXBuildFile section */

/* Begin PBXCopyFilesBuildPhase section */
		947C2DF22862861D0047FC30 /* CopyFiles */ = {
			isa = PBXCopyFilesBuildPhase;
			buildActionMask = 2147483647;
			dstPath = /usr/share/man/man1/;
			dstSubfolderSpec = 0;
			files = (
			);
			runOnlyForDeploymentPostprocessing = 1;
		};
/* End PBXCopyFilesBuildPhase section */

/* Begin PBXFileReference section */
		947C2DF42862861D0047FC30 /* Object */ = {isa = PBXFileReference; explicitFileType = "compiled.mach-o.executable"; includeInIndex = 0; path = Object; sourceTree = BUILT_PRODUCTS_DIR; };
		947C2DF72862861D0047FC30 /* main.swift */ = {isa = PBXFileReference; lastKnownFileType = sourcecode.swift; path = main.swift; sourceTree = "<group>"; };
		947C2DFF286286A70047FC30 /* Invitation.swift */ = {isa = PBXFileReference; lastKnownFileType = sourcecode.swift; path = Invitation.swift; sourceTree = "<group>"; };
		947C2E01286286EC0047FC30 /* Ticket.swift */ = {isa = PBXFileReference; lastKnownFileType = sourcecode.swift; path = Ticket.swift; sourceTree = "<group>"; };
		947C2E032862873C0047FC30 /* Bag.swift */ = {isa = PBXFileReference; lastKnownFileType = sourcecode.swift; path = Bag.swift; sourceTree = "<group>"; };
		947C2E05286288710047FC30 /* Audience.swift */ = {isa = PBXFileReference; lastKnownFileType = sourcecode.swift; path = Audience.swift; sourceTree = "<group>"; };
		947C2E07286288C40047FC30 /* TicketOffice.swift */ = {isa = PBXFileReference; lastKnownFileType = sourcecode.swift; path = TicketOffice.swift; sourceTree = "<group>"; };
		947C2E09286289320047FC30 /* TicketSeller.swift */ = {isa = PBXFileReference; lastKnownFileType = sourcecode.swift; path = TicketSeller.swift; sourceTree = "<group>"; };
		947C2E0B286289940047FC30 /* Theather.swift */ = {isa = PBXFileReference; lastKnownFileType = sourcecode.swift; path = Theather.swift; sourceTree = "<group>"; };
/* End PBXFileReference section */

/* Begin PBXFrameworksBuildPhase section */
		947C2DF12862861D0047FC30 /* Frameworks */ = {
			isa = PBXFrameworksBuildPhase;
			buildActionMask = 2147483647;
			files = (
			);
			runOnlyForDeploymentPostprocessing = 0;
		};
/* End PBXFrameworksBuildPhase section */

/* Begin PBXGroup section */
		947C2DEB2862861D0047FC30 = {
			isa = PBXGroup;
			children = (
				947C2DF62862861D0047FC30 /* Object */,
				947C2DF52862861D0047FC30 /* Products */,
			);
			sourceTree = "<group>";
		};
		947C2DF52862861D0047FC30 /* Products */ = {
			isa = PBXGroup;
			children = (
				947C2DF42862861D0047FC30 /* Object */,
			);
			name = Products;
			sourceTree = "<group>";
		};
		947C2DF62862861D0047FC30 /* Object */ = {
			isa = PBXGroup;
			children = (
				947C2DF72862861D0047FC30 /* main.swift */,
				947C2DFE2862868A0047FC30 /* CH01 */,
			);
			path = Object;
			sourceTree = "<group>";
		};
		947C2DFE2862868A0047FC30 /* CH01 */ = {
			isa = PBXGroup;
			children = (
				947C2DFF286286A70047FC30 /* Invitation.swift */,
				947C2E01286286EC0047FC30 /* Ticket.swift */,
				947C2E032862873C0047FC30 /* Bag.swift */,
				947C2E05286288710047FC30 /* Audience.swift */,
				947C2E07286288C40047FC30 /* TicketOffice.swift */,
				947C2E09286289320047FC30 /* TicketSeller.swift */,
				947C2E0B286289940047FC30 /* Theather.swift */,
			);
			path = CH01;
			sourceTree = "<group>";
		};
/* End PBXGroup section */

/* Begin PBXNativeTarget section */
		947C2DF32862861D0047FC30 /* Object */ = {
			isa = PBXNativeTarget;
			buildConfigurationList = 947C2DFB2862861D0047FC30 /* Build configuration list for PBXNativeTarget "Object" */;
			buildPhases = (
				947C2DF02862861D0047FC30 /* Sources */,
				947C2DF12862861D0047FC30 /* Frameworks */,
				947C2DF22862861D0047FC30 /* CopyFiles */,
			);
			buildRules = (
			);
			dependencies = (
			);
			name = Object;
			productName = Object;
			productReference = 947C2DF42862861D0047FC30 /* Object */;
			productType = "com.apple.product-type.tool";
		};
/* End PBXNativeTarget section */

/* Begin PBXProject section */
		947C2DEC2862861D0047FC30 /* Project object */ = {
			isa = PBXProject;
			attributes = {
				BuildIndependentTargetsInParallel = 1;
				LastSwiftUpdateCheck = 1340;
				LastUpgradeCheck = 1340;
				TargetAttributes = {
					947C2DF32862861D0047FC30 = {
						CreatedOnToolsVersion = 13.4.1;
					};
				};
			};
			buildConfigurationList = 947C2DEF2862861D0047FC30 /* Build configuration list for PBXProject "Object" */;
			compatibilityVersion = "Xcode 13.0";
			developmentRegion = en;
			hasScannedForEncodings = 0;
			knownRegions = (
				en,
				Base,
			);
			mainGroup = 947C2DEB2862861D0047FC30;
			productRefGroup = 947C2DF52862861D0047FC30 /* Products */;
			projectDirPath = "";
			projectRoot = "";
			targets = (
				947C2DF32862861D0047FC30 /* Object */,
			);
		};
/* End PBXProject section */

/* Begin PBXSourcesBuildPhase section */
		947C2DF02862861D0047FC30 /* Sources */ = {
			isa = PBXSourcesBuildPhase;
			buildActionMask = 2147483647;
			files = (
				947C2E00286286A70047FC30 /* Invitation.swift in Sources */,
				947C2E02286286EC0047FC30 /* Ticket.swift in Sources */,
				947C2E06286288710047FC30 /* Audience.swift in Sources */,
				947C2E042862873C0047FC30 /* Bag.swift in Sources */,
				947C2DF82862861D0047FC30 /* main.swift in Sources */,
				947C2E08286288C40047FC30 /* TicketOffice.swift in Sources */,
				947C2E0C286289940047FC30 /* Theather.swift in Sources */,
				947C2E0A286289320047FC30 /* TicketSeller.swift in Sources */,
			);
			runOnlyForDeploymentPostprocessing = 0;
		};
/* End PBXSourcesBuildPhase section */

/* Begin XCBuildConfiguration section */
		947C2DF92862861D0047FC30 /* Debug */ = {
			isa = XCBuildConfiguration;
			buildSettings = {
				ALWAYS_SEARCH_USER_PATHS = NO;
				CLANG_ANALYZER_NONNULL = YES;
				CLANG_ANALYZER_NUMBER_OBJECT_CONVERSION = YES_AGGRESSIVE;
				CLANG_CXX_LANGUAGE_STANDARD = "gnu++17";
				CLANG_ENABLE_MODULES = YES;
				CLANG_ENABLE_OBJC_ARC = YES;
				CLANG_ENABLE_OBJC_WEAK = YES;
				CLANG_WARN_BLOCK_CAPTURE_AUTORELEASING = YES;
				CLANG_WARN_BOOL_CONVERSION = YES;
				CLANG_WARN_COMMA = YES;
				CLANG_WARN_CONSTANT_CONVERSION = YES;
				CLANG_WARN_DEPRECATED_OBJC_IMPLEMENTATIONS = YES;
				CLANG_WARN_DIRECT_OBJC_ISA_USAGE = YES_ERROR;
				CLANG_WARN_DOCUMENTATION_COMMENTS = YES;
				CLANG_WARN_EMPTY_BODY = YES;
				CLANG_WARN_ENUM_CONVERSION = YES;
				CLANG_WARN_INFINITE_RECURSION = YES;
				CLANG_WARN_INT_CONVERSION = YES;
				CLANG_WARN_NON_LITERAL_NULL_CONVERSION = YES;
				CLANG_WARN_OBJC_IMPLICIT_RETAIN_SELF = YES;
				CLANG_WARN_OBJC_LITERAL_CONVERSION = YES;
				CLANG_WARN_OBJC_ROOT_CLASS = YES_ERROR;
				CLANG_WARN_QUOTED_INCLUDE_IN_FRAMEWORK_HEADER = YES;
				CLANG_WARN_RANGE_LOOP_ANALYSIS = YES;
				CLANG_WARN_STRICT_PROTOTYPES = YES;
				CLANG_WARN_SUSPICIOUS_MOVE = YES;
				CLANG_WARN_UNGUARDED_AVAILABILITY = YES_AGGRESSIVE;
				CLANG_WARN_UNREACHABLE_CODE = YES;
				CLANG_WARN__DUPLICATE_METHOD_MATCH = YES;
				COPY_PHASE_STRIP = NO;
				DEBUG_INFORMATION_FORMAT = dwarf;
				ENABLE_STRICT_OBJC_MSGSEND = YES;
				ENABLE_TESTABILITY = YES;
				GCC_C_LANGUAGE_STANDARD = gnu11;
				GCC_DYNAMIC_NO_PIC = NO;
				GCC_NO_COMMON_BLOCKS = YES;
				GCC_OPTIMIZATION_LEVEL = 0;
				GCC_PREPROCESSOR_DEFINITIONS = (
					"DEBUG=1",
					"$(inherited)",
				);
				GCC_WARN_64_TO_32_BIT_CONVERSION = YES;
				GCC_WARN_ABOUT_RETURN_TYPE = YES_ERROR;
				GCC_WARN_UNDECLARED_SELECTOR = YES;
				GCC_WARN_UNINITIALIZED_AUTOS = YES_AGGRESSIVE;
				GCC_WARN_UNUSED_FUNCTION = YES;
				GCC_WARN_UNUSED_VARIABLE = YES;
				MACOSX_DEPLOYMENT_TARGET = 12.3;
				MTL_ENABLE_DEBUG_INFO = INCLUDE_SOURCE;
				MTL_FAST_MATH = YES;
				ONLY_ACTIVE_ARCH = YES;
				SDKROOT = macosx;
				SWIFT_ACTIVE_COMPILATION_CONDITIONS = DEBUG;
				SWIFT_OPTIMIZATION_LEVEL = "-Onone";
			};
			name = Debug;
		};
		947C2DFA2862861D0047FC30 /* Release */ = {
			isa = XCBuildConfiguration;
			buildSettings = {
				ALWAYS_SEARCH_USER_PATHS = NO;
				CLANG_ANALYZER_NONNULL = YES;
				CLANG_ANALYZER_NUMBER_OBJECT_CONVERSION = YES_AGGRESSIVE;
				CLANG_CXX_LANGUAGE_STANDARD = "gnu++17";
				CLANG_ENABLE_MODULES = YES;
				CLANG_ENABLE_OBJC_ARC = YES;
				CLANG_ENABLE_OBJC_WEAK = YES;
				CLANG_WARN_BLOCK_CAPTURE_AUTORELEASING = YES;
				CLANG_WARN_BOOL_CONVERSION = YES;
				CLANG_WARN_COMMA = YES;
				CLANG_WARN_CONSTANT_CONVERSION = YES;
				CLANG_WARN_DEPRECATED_OBJC_IMPLEMENTATIONS = YES;
				CLANG_WARN_DIRECT_OBJC_ISA_USAGE = YES_ERROR;
				CLANG_WARN_DOCUMENTATION_COMMENTS = YES;
				CLANG_WARN_EMPTY_BODY = YES;
				CLANG_WARN_ENUM_CONVERSION = YES;
				CLANG_WARN_INFINITE_RECURSION = YES;
				CLANG_WARN_INT_CONVERSION = YES;
				CLANG_WARN_NON_LITERAL_NULL_CONVERSION = YES;
				CLANG_WARN_OBJC_IMPLICIT_RETAIN_SELF = YES;
				CLANG_WARN_OBJC_LITERAL_CONVERSION = YES;
				CLANG_WARN_OBJC_ROOT_CLASS = YES_ERROR;
				CLANG_WARN_QUOTED_INCLUDE_IN_FRAMEWORK_HEADER = YES;
				CLANG_WARN_RANGE_LOOP_ANALYSIS = YES;
				CLANG_WARN_STRICT_PROTOTYPES = YES;
				CLANG_WARN_SUSPICIOUS_MOVE = YES;
				CLANG_WARN_UNGUARDED_AVAILABILITY = YES_AGGRESSIVE;
				CLANG_WARN_UNREACHABLE_CODE = YES;
				CLANG_WARN__DUPLICATE_METHOD_MATCH = YES;
				COPY_PHASE_STRIP = NO;
				DEBUG_INFORMATION_FORMAT = "dwarf-with-dsym";
				ENABLE_NS_ASSERTIONS = NO;
				ENABLE_STRICT_OBJC_MSGSEND = YES;
				GCC_C_LANGUAGE_STANDARD = gnu11;
				GCC_NO_COMMON_BLOCKS = YES;
				GCC_WARN_64_TO_32_BIT_CONVERSION = YES;
				GCC_WARN_ABOUT_RETURN_TYPE = YES_ERROR;
				GCC_WARN_UNDECLARED_SELECTOR = YES;
				GCC_WARN_UNINITIALIZED_AUTOS = YES_AGGRESSIVE;
				GCC_WARN_UNUSED_FUNCTION = YES;
				GCC_WARN_UNUSED_VARIABLE = YES;
				MACOSX_DEPLOYMENT_TARGET = 12.3;
				MTL_ENABLE_DEBUG_INFO = NO;
				MTL_FAST_MATH = YES;
				SDKROOT = macosx;
				SWIFT_COMPILATION_MODE = wholemodule;
				SWIFT_OPTIMIZATION_LEVEL = "-O";
			};
			name = Release;
		};
		947C2DFC2862861D0047FC30 /* Debug */ = {
			isa = XCBuildConfiguration;
			buildSettings = {
				CODE_SIGN_STYLE = Automatic;
				DEVELOPMENT_TEAM = 56M5N9M2PX;
				ENABLE_HARDENED_RUNTIME = YES;
				PRODUCT_NAME = "$(TARGET_NAME)";
				SWIFT_VERSION = 5.0;
			};
			name = Debug;
		};
		947C2DFD2862861D0047FC30 /* Release */ = {
			isa = XCBuildConfiguration;
			buildSettings = {
				CODE_SIGN_STYLE = Automatic;
				DEVELOPMENT_TEAM = 56M5N9M2PX;
				ENABLE_HARDENED_RUNTIME = YES;
				PRODUCT_NAME = "$(TARGET_NAME)";
				SWIFT_VERSION = 5.0;
			};
			name = Release;
		};
/* End XCBuildConfiguration section */

/* Begin XCConfigurationList section */
		947C2DEF2862861D0047FC30 /* Build configuration list for PBXProject "Object" */ = {
			isa = XCConfigurationList;
			buildConfigurations = (
				947C2DF92862861D0047FC30 /* Debug */,
				947C2DFA2862861D0047FC30 /* Release */,
			);
			defaultConfigurationIsVisible = 0;
			defaultConfigurationName = Release;
		};
		947C2DFB2862861D0047FC30 /* Build configuration list for PBXNativeTarget "Object" */ = {
			isa = XCConfigurationList;
			buildConfigurations = (
				947C2DFC2862861D0047FC30 /* Debug */,
				947C2DFD2862861D0047FC30 /* Release */,
			);
			defaultConfigurationIsVisible = 0;
			defaultConfigurationName = Release;
		};
/* End XCConfigurationList section */
	};
	rootObject = 947C2DEC2862861D0047FC30 /* Project object */;
}
