// !$*UTF8*$!
{
	archiveVersion = 1;
	classes = {
	};
	objectVersion = 55;
	objects = {

/* Begin PBXBuildFile section */
		A1058F6328217DA70085E0FA /* Audience.swift in Sources */ = {isa = PBXBuildFile; fileRef = A1058F6228217DA70085E0FA /* Audience.swift */; };
		A1058F6528217E140085E0FA /* TicketOffice.swift in Sources */ = {isa = PBXBuildFile; fileRef = A1058F6428217E140085E0FA /* TicketOffice.swift */; };
		A1058F6728217EAB0085E0FA /* TicketSeller.swift in Sources */ = {isa = PBXBuildFile; fileRef = A1058F6628217EAB0085E0FA /* TicketSeller.swift */; };
		A1058F6928217F070085E0FA /* Theater.swift in Sources */ = {isa = PBXBuildFile; fileRef = A1058F6828217F070085E0FA /* Theater.swift */; };
		A159DDBC282112DA00699CD0 /* main.swift in Sources */ = {isa = PBXBuildFile; fileRef = A159DDBB282112DA00699CD0 /* main.swift */; };
		A159DDC5282113A100699CD0 /* Invitation.swift in Sources */ = {isa = PBXBuildFile; fileRef = A159DDC4282113A100699CD0 /* Invitation.swift */; };
		A159DDC7282113C900699CD0 /* Ticket.swift in Sources */ = {isa = PBXBuildFile; fileRef = A159DDC6282113C900699CD0 /* Ticket.swift */; };
		A159DDC92821149A00699CD0 /* Bag.swift in Sources */ = {isa = PBXBuildFile; fileRef = A159DDC82821149A00699CD0 /* Bag.swift */; };
/* End PBXBuildFile section */

/* Begin PBXCopyFilesBuildPhase section */
		A159DDB6282112DA00699CD0 /* CopyFiles */ = {
			isa = PBXCopyFilesBuildPhase;
			buildActionMask = 2147483647;
			dstPath = /usr/share/man/man1/;
			dstSubfolderSpec = 0;
			files = (
			);
			runOnlyForDeploymentPostprocessing = 1;
		};
/* End PBXCopyFilesBuildPhase section */

/* Begin PBXFileReference section */
		A1058F6228217DA70085E0FA /* Audience.swift */ = {isa = PBXFileReference; lastKnownFileType = sourcecode.swift; path = Audience.swift; sourceTree = "<group>"; };
		A1058F6428217E140085E0FA /* TicketOffice.swift */ = {isa = PBXFileReference; lastKnownFileType = sourcecode.swift; path = TicketOffice.swift; sourceTree = "<group>"; };
		A1058F6628217EAB0085E0FA /* TicketSeller.swift */ = {isa = PBXFileReference; lastKnownFileType = sourcecode.swift; path = TicketSeller.swift; sourceTree = "<group>"; };
		A1058F6828217F070085E0FA /* Theater.swift */ = {isa = PBXFileReference; lastKnownFileType = sourcecode.swift; path = Theater.swift; sourceTree = "<group>"; };
		A159DDB8282112DA00699CD0 /* Object */ = {isa = PBXFileReference; explicitFileType = "compiled.mach-o.executable"; includeInIndex = 0; path = Object; sourceTree = BUILT_PRODUCTS_DIR; };
		A159DDBB282112DA00699CD0 /* main.swift */ = {isa = PBXFileReference; lastKnownFileType = sourcecode.swift; path = main.swift; sourceTree = "<group>"; };
		A159DDC32821131500699CD0 /* README01.md */ = {isa = PBXFileReference; lastKnownFileType = net.daringfireball.markdown; path = README01.md; sourceTree = "<group>"; };
		A159DDC4282113A100699CD0 /* Invitation.swift */ = {isa = PBXFileReference; lastKnownFileType = sourcecode.swift; path = Invitation.swift; sourceTree = "<group>"; };
		A159DDC6282113C900699CD0 /* Ticket.swift */ = {isa = PBXFileReference; lastKnownFileType = sourcecode.swift; path = Ticket.swift; sourceTree = "<group>"; };
		A159DDC82821149A00699CD0 /* Bag.swift */ = {isa = PBXFileReference; lastKnownFileType = sourcecode.swift; path = Bag.swift; sourceTree = "<group>"; };
/* End PBXFileReference section */

/* Begin PBXFrameworksBuildPhase section */
		A159DDB5282112DA00699CD0 /* Frameworks */ = {
			isa = PBXFrameworksBuildPhase;
			buildActionMask = 2147483647;
			files = (
			);
			runOnlyForDeploymentPostprocessing = 0;
		};
/* End PBXFrameworksBuildPhase section */

/* Begin PBXGroup section */
		A159DDAF282112DA00699CD0 = {
			isa = PBXGroup;
			children = (
				A159DDBA282112DA00699CD0 /* Object */,
				A159DDB9282112DA00699CD0 /* Products */,
			);
			sourceTree = "<group>";
		};
		A159DDB9282112DA00699CD0 /* Products */ = {
			isa = PBXGroup;
			children = (
				A159DDB8282112DA00699CD0 /* Object */,
			);
			name = Products;
			sourceTree = "<group>";
		};
		A159DDBA282112DA00699CD0 /* Object */ = {
			isa = PBXGroup;
			children = (
				A159DDC2282112E800699CD0 /* Chapter01 */,
				A159DDBB282112DA00699CD0 /* main.swift */,
			);
			path = Object;
			sourceTree = "<group>";
		};
		A159DDC2282112E800699CD0 /* Chapter01 */ = {
			isa = PBXGroup;
			children = (
				A159DDC32821131500699CD0 /* README01.md */,
				A159DDC4282113A100699CD0 /* Invitation.swift */,
				A159DDC6282113C900699CD0 /* Ticket.swift */,
				A159DDC82821149A00699CD0 /* Bag.swift */,
				A1058F6228217DA70085E0FA /* Audience.swift */,
				A1058F6428217E140085E0FA /* TicketOffice.swift */,
				A1058F6628217EAB0085E0FA /* TicketSeller.swift */,
				A1058F6828217F070085E0FA /* Theater.swift */,
			);
			path = Chapter01;
			sourceTree = "<group>";
		};
/* End PBXGroup section */

/* Begin PBXNativeTarget section */
		A159DDB7282112DA00699CD0 /* Object */ = {
			isa = PBXNativeTarget;
			buildConfigurationList = A159DDBF282112DA00699CD0 /* Build configuration list for PBXNativeTarget "Object" */;
			buildPhases = (
				A159DDB4282112DA00699CD0 /* Sources */,
				A159DDB5282112DA00699CD0 /* Frameworks */,
				A159DDB6282112DA00699CD0 /* CopyFiles */,
			);
			buildRules = (
			);
			dependencies = (
			);
			name = Object;
			productName = Object;
			productReference = A159DDB8282112DA00699CD0 /* Object */;
			productType = "com.apple.product-type.tool";
		};
/* End PBXNativeTarget section */

/* Begin PBXProject section */
		A159DDB0282112DA00699CD0 /* Project object */ = {
			isa = PBXProject;
			attributes = {
				BuildIndependentTargetsInParallel = 1;
				LastSwiftUpdateCheck = 1330;
				LastUpgradeCheck = 1330;
				TargetAttributes = {
					A159DDB7282112DA00699CD0 = {
						CreatedOnToolsVersion = 13.3.1;
					};
				};
			};
			buildConfigurationList = A159DDB3282112DA00699CD0 /* Build configuration list for PBXProject "Object" */;
			compatibilityVersion = "Xcode 13.0";
			developmentRegion = en;
			hasScannedForEncodings = 0;
			knownRegions = (
				en,
				Base,
			);
			mainGroup = A159DDAF282112DA00699CD0;
			productRefGroup = A159DDB9282112DA00699CD0 /* Products */;
			projectDirPath = "";
			projectRoot = "";
			targets = (
				A159DDB7282112DA00699CD0 /* Object */,
			);
		};
/* End PBXProject section */

/* Begin PBXSourcesBuildPhase section */
		A159DDB4282112DA00699CD0 /* Sources */ = {
			isa = PBXSourcesBuildPhase;
			buildActionMask = 2147483647;
			files = (
				A159DDC5282113A100699CD0 /* Invitation.swift in Sources */,
				A159DDC7282113C900699CD0 /* Ticket.swift in Sources */,
				A1058F6328217DA70085E0FA /* Audience.swift in Sources */,
				A159DDC92821149A00699CD0 /* Bag.swift in Sources */,
				A159DDBC282112DA00699CD0 /* main.swift in Sources */,
				A1058F6928217F070085E0FA /* Theater.swift in Sources */,
				A1058F6528217E140085E0FA /* TicketOffice.swift in Sources */,
				A1058F6728217EAB0085E0FA /* TicketSeller.swift in Sources */,
			);
			runOnlyForDeploymentPostprocessing = 0;
		};
/* End PBXSourcesBuildPhase section */

/* Begin XCBuildConfiguration section */
		A159DDBD282112DA00699CD0 /* Debug */ = {
			isa = XCBuildConfiguration;
			buildSettings = {
				ALWAYS_SEARCH_USER_PATHS = NO;
				CLANG_ANALYZER_NONNULL = YES;
				CLANG_ANALYZER_NUMBER_OBJECT_CONVERSION = YES_AGGRESSIVE;
				CLANG_CXX_LANGUAGE_STANDARD = "gnu++17";
				CLANG_ENABLE_MODULES = YES;
				CLANG_ENABLE_OBJC_ARC = YES;
				CLANG_ENABLE_OBJC_WEAK = YES;
				CLANG_WARN_BLOCK_CAPTURE_AUTORELEASING = YES;
				CLANG_WARN_BOOL_CONVERSION = YES;
				CLANG_WARN_COMMA = YES;
				CLANG_WARN_CONSTANT_CONVERSION = YES;
				CLANG_WARN_DEPRECATED_OBJC_IMPLEMENTATIONS = YES;
				CLANG_WARN_DIRECT_OBJC_ISA_USAGE = YES_ERROR;
				CLANG_WARN_DOCUMENTATION_COMMENTS = YES;
				CLANG_WARN_EMPTY_BODY = YES;
				CLANG_WARN_ENUM_CONVERSION = YES;
				CLANG_WARN_INFINITE_RECURSION = YES;
				CLANG_WARN_INT_CONVERSION = YES;
				CLANG_WARN_NON_LITERAL_NULL_CONVERSION = YES;
				CLANG_WARN_OBJC_IMPLICIT_RETAIN_SELF = YES;
				CLANG_WARN_OBJC_LITERAL_CONVERSION = YES;
				CLANG_WARN_OBJC_ROOT_CLASS = YES_ERROR;
				CLANG_WARN_QUOTED_INCLUDE_IN_FRAMEWORK_HEADER = YES;
				CLANG_WARN_RANGE_LOOP_ANALYSIS = YES;
				CLANG_WARN_STRICT_PROTOTYPES = YES;
				CLANG_WARN_SUSPICIOUS_MOVE = YES;
				CLANG_WARN_UNGUARDED_AVAILABILITY = YES_AGGRESSIVE;
				CLANG_WARN_UNREACHABLE_CODE = YES;
				CLANG_WARN__DUPLICATE_METHOD_MATCH = YES;
				COPY_PHASE_STRIP = NO;
				DEBUG_INFORMATION_FORMAT = dwarf;
				ENABLE_STRICT_OBJC_MSGSEND = YES;
				ENABLE_TESTABILITY = YES;
				GCC_C_LANGUAGE_STANDARD = gnu11;
				GCC_DYNAMIC_NO_PIC = NO;
				GCC_NO_COMMON_BLOCKS = YES;
				GCC_OPTIMIZATION_LEVEL = 0;
				GCC_PREPROCESSOR_DEFINITIONS = (
					"DEBUG=1",
					"$(inherited)",
				);
				GCC_WARN_64_TO_32_BIT_CONVERSION = YES;
				GCC_WARN_ABOUT_RETURN_TYPE = YES_ERROR;
				GCC_WARN_UNDECLARED_SELECTOR = YES;
				GCC_WARN_UNINITIALIZED_AUTOS = YES_AGGRESSIVE;
				GCC_WARN_UNUSED_FUNCTION = YES;
				GCC_WARN_UNUSED_VARIABLE = YES;
				MACOSX_DEPLOYMENT_TARGET = 12.3;
				MTL_ENABLE_DEBUG_INFO = INCLUDE_SOURCE;
				MTL_FAST_MATH = YES;
				ONLY_ACTIVE_ARCH = YES;
				SDKROOT = macosx;
				SWIFT_ACTIVE_COMPILATION_CONDITIONS = DEBUG;
				SWIFT_OPTIMIZATION_LEVEL = "-Onone";
			};
			name = Debug;
		};
		A159DDBE282112DA00699CD0 /* Release */ = {
			isa = XCBuildConfiguration;
			buildSettings = {
				ALWAYS_SEARCH_USER_PATHS = NO;
				CLANG_ANALYZER_NONNULL = YES;
				CLANG_ANALYZER_NUMBER_OBJECT_CONVERSION = YES_AGGRESSIVE;
				CLANG_CXX_LANGUAGE_STANDARD = "gnu++17";
				CLANG_ENABLE_MODULES = YES;
				CLANG_ENABLE_OBJC_ARC = YES;
				CLANG_ENABLE_OBJC_WEAK = YES;
				CLANG_WARN_BLOCK_CAPTURE_AUTORELEASING = YES;
				CLANG_WARN_BOOL_CONVERSION = YES;
				CLANG_WARN_COMMA = YES;
				CLANG_WARN_CONSTANT_CONVERSION = YES;
				CLANG_WARN_DEPRECATED_OBJC_IMPLEMENTATIONS = YES;
				CLANG_WARN_DIRECT_OBJC_ISA_USAGE = YES_ERROR;
				CLANG_WARN_DOCUMENTATION_COMMENTS = YES;
				CLANG_WARN_EMPTY_BODY = YES;
				CLANG_WARN_ENUM_CONVERSION = YES;
				CLANG_WARN_INFINITE_RECURSION = YES;
				CLANG_WARN_INT_CONVERSION = YES;
				CLANG_WARN_NON_LITERAL_NULL_CONVERSION = YES;
				CLANG_WARN_OBJC_IMPLICIT_RETAIN_SELF = YES;
				CLANG_WARN_OBJC_LITERAL_CONVERSION = YES;
				CLANG_WARN_OBJC_ROOT_CLASS = YES_ERROR;
				CLANG_WARN_QUOTED_INCLUDE_IN_FRAMEWORK_HEADER = YES;
				CLANG_WARN_RANGE_LOOP_ANALYSIS = YES;
				CLANG_WARN_STRICT_PROTOTYPES = YES;
				CLANG_WARN_SUSPICIOUS_MOVE = YES;
				CLANG_WARN_UNGUARDED_AVAILABILITY = YES_AGGRESSIVE;
				CLANG_WARN_UNREACHABLE_CODE = YES;
				CLANG_WARN__DUPLICATE_METHOD_MATCH = YES;
				COPY_PHASE_STRIP = NO;
				DEBUG_INFORMATION_FORMAT = "dwarf-with-dsym";
				ENABLE_NS_ASSERTIONS = NO;
				ENABLE_STRICT_OBJC_MSGSEND = YES;
				GCC_C_LANGUAGE_STANDARD = gnu11;
				GCC_NO_COMMON_BLOCKS = YES;
				GCC_WARN_64_TO_32_BIT_CONVERSION = YES;
				GCC_WARN_ABOUT_RETURN_TYPE = YES_ERROR;
				GCC_WARN_UNDECLARED_SELECTOR = YES;
				GCC_WARN_UNINITIALIZED_AUTOS = YES_AGGRESSIVE;
				GCC_WARN_UNUSED_FUNCTION = YES;
				GCC_WARN_UNUSED_VARIABLE = YES;
				MACOSX_DEPLOYMENT_TARGET = 12.3;
				MTL_ENABLE_DEBUG_INFO = NO;
				MTL_FAST_MATH = YES;
				SDKROOT = macosx;
				SWIFT_COMPILATION_MODE = wholemodule;
				SWIFT_OPTIMIZATION_LEVEL = "-O";
			};
			name = Release;
		};
		A159DDC0282112DA00699CD0 /* Debug */ = {
			isa = XCBuildConfiguration;
			buildSettings = {
				CODE_SIGN_STYLE = Automatic;
				DEVELOPMENT_TEAM = 8C8Y42HXM4;
				ENABLE_HARDENED_RUNTIME = YES;
				PRODUCT_NAME = "$(TARGET_NAME)";
				SWIFT_VERSION = 5.0;
			};
			name = Debug;
		};
		A159DDC1282112DA00699CD0 /* Release */ = {
			isa = XCBuildConfiguration;
			buildSettings = {
				CODE_SIGN_STYLE = Automatic;
				DEVELOPMENT_TEAM = 8C8Y42HXM4;
				ENABLE_HARDENED_RUNTIME = YES;
				PRODUCT_NAME = "$(TARGET_NAME)";
				SWIFT_VERSION = 5.0;
			};
			name = Release;
		};
/* End XCBuildConfiguration section */

/* Begin XCConfigurationList section */
		A159DDB3282112DA00699CD0 /* Build configuration list for PBXProject "Object" */ = {
			isa = XCConfigurationList;
			buildConfigurations = (
				A159DDBD282112DA00699CD0 /* Debug */,
				A159DDBE282112DA00699CD0 /* Release */,
			);
			defaultConfigurationIsVisible = 0;
			defaultConfigurationName = Release;
		};
		A159DDBF282112DA00699CD0 /* Build configuration list for PBXNativeTarget "Object" */ = {
			isa = XCConfigurationList;
			buildConfigurations = (
				A159DDC0282112DA00699CD0 /* Debug */,
				A159DDC1282112DA00699CD0 /* Release */,
			);
			defaultConfigurationIsVisible = 0;
			defaultConfigurationName = Release;
		};
/* End XCConfigurationList section */
	};
	rootObject = A159DDB0282112DA00699CD0 /* Project object */;
}
